
Microsoft Visual Studio Solution File, Format Version 12.00
# Visual Studio Version 17
VisualStudioVersion = 17.9.34622.214
MinimumVisualStudioVersion = 10.0.40219.1
Project("{F184B08F-C81C-45F6-A57F-5ABD9991F28F}") = "StudiiKasus", "StudiiKasus\StudiiKasus.vbproj", "{08E04C26-7939-41C9-A5B7-B57A6C1BA747}"
EndProject
Project("{F184B08F-C81C-45F6-A57F-5ABD9991F28F}") = "Basic", "Basic\Basic.vbproj", "{9ED04783-E67D-4789-A8E4-422691C57638}"
EndProject
Global
	GlobalSection(SolutionConfigurationPlatforms) = preSolution
		Debug|Any CPU = Debug|Any CPU
		Release|Any CPU = Release|Any CPU
	EndGlobalSection
	GlobalSection(ProjectConfigurationPlatforms) = postSolution
		{08E04C26-7939-41C9-A5B7-B57A6C1BA747}.Debug|Any CPU.ActiveCfg = Debug|Any CPU
		{08E04C26-7939-41C9-A5B7-B57A6C1BA747}.Debug|Any CPU.Build.0 = Debug|Any CPU
		{08E04C26-7939-41C9-A5B7-B57A6C1BA747}.Release|Any CPU.ActiveCfg = Release|Any CPU
		{08E04C26-7939-41C9-A5B7-B57A6C1BA747}.Release|Any CPU.Build.0 = Release|Any CPU
		{9ED04783-E67D-4789-A8E4-422691C57638}.Debug|Any CPU.ActiveCfg = Debug|Any CPU
		{9ED04783-E67D-4789-A8E4-422691C57638}.Debug|Any CPU.Build.0 = Debug|Any CPU
		{9ED04783-E67D-4789-A8E4-422691C57638}.Release|Any CPU.ActiveCfg = Release|Any CPU
		{9ED04783-E67D-4789-A8E4-422691C57638}.Release|Any CPU.Build.0 = Release|Any CPU
	EndGlobalSection
	GlobalSection(SolutionProperties) = preSolution
		HideSolutionNode = FALSE
	EndGlobalSection
	GlobalSection(ExtensibilityGlobals) = postSolution
		SolutionGuid = {FE21779D-1983-492E-A029-75F67F1F9C54}
	EndGlobalSection
EndGlobal
